
Microsoft Visual Studio Solution File, Format Version 12.00
# Visual Studio 2012
Project("{FAE04EC0-301F-11D3-BF4B-00C04F79EFBC}") = "Optionis.KPIs.Dashboard", "Optionis.KPIs.Dashboard\Optionis.KPIs.Dashboard.csproj", "{91738A50-DB6E-4936-9D50-840C8FF81E99}"
EndProject
Project("{FAE04EC0-301F-11D3-BF4B-00C04F79EFBC}") = "Optionis.KPIs.Dashboard.ReadCache", "Optionis.KPIs.Dashboard.ReadCache\Optionis.KPIs.Dashboard.ReadCache.csproj", "{5E5C7D96-E433-4F71-AB1D-198D4113457F}"
EndProject
Project("{FAE04EC0-301F-11D3-BF4B-00C04F79EFBC}") = "Optionis.KPIs.Dashboard.Application.Tests", "Optionis.KPIs.Dashboard.Application.Tests\Optionis.KPIs.Dashboard.Application.Tests.csproj", "{E2488FB4-4329-470B-9440-C5620CADF348}"
EndProject
Project("{FAE04EC0-301F-11D3-BF4B-00C04F79EFBC}") = "Optionis.KPIs.Dashboard.Application", "Optionis.KPIs.Dashboard.Application\Optionis.KPIs.Dashboard.Application.csproj", "{3A5A21BA-CE8A-44B1-ACAB-D2F309319B3F}"
EndProject
Project("{FAE04EC0-301F-11D3-BF4B-00C04F79EFBC}") = "Optionis.KPIs.Common", "Optionis.KPIs.Common\Optionis.KPIs.Common.csproj", "{621E212A-B364-494A-B82E-47E1708965B5}"
EndProject
Global
	GlobalSection(SolutionConfigurationPlatforms) = preSolution
		Debug|Any CPU = Debug|Any CPU
		Release|Any CPU = Release|Any CPU
	EndGlobalSection
	GlobalSection(ProjectConfigurationPlatforms) = postSolution
		{3A5A21BA-CE8A-44B1-ACAB-D2F309319B3F}.Debug|Any CPU.ActiveCfg = Debug|Any CPU
		{3A5A21BA-CE8A-44B1-ACAB-D2F309319B3F}.Debug|Any CPU.Build.0 = Debug|Any CPU
		{3A5A21BA-CE8A-44B1-ACAB-D2F309319B3F}.Release|Any CPU.ActiveCfg = Release|Any CPU
		{3A5A21BA-CE8A-44B1-ACAB-D2F309319B3F}.Release|Any CPU.Build.0 = Release|Any CPU
		{5E5C7D96-E433-4F71-AB1D-198D4113457F}.Debug|Any CPU.ActiveCfg = Debug|Any CPU
		{5E5C7D96-E433-4F71-AB1D-198D4113457F}.Debug|Any CPU.Build.0 = Debug|Any CPU
		{5E5C7D96-E433-4F71-AB1D-198D4113457F}.Release|Any CPU.ActiveCfg = Release|Any CPU
		{5E5C7D96-E433-4F71-AB1D-198D4113457F}.Release|Any CPU.Build.0 = Release|Any CPU
		{621E212A-B364-494A-B82E-47E1708965B5}.Debug|Any CPU.ActiveCfg = Debug|Any CPU
		{621E212A-B364-494A-B82E-47E1708965B5}.Debug|Any CPU.Build.0 = Debug|Any CPU
		{621E212A-B364-494A-B82E-47E1708965B5}.Release|Any CPU.ActiveCfg = Release|Any CPU
		{621E212A-B364-494A-B82E-47E1708965B5}.Release|Any CPU.Build.0 = Release|Any CPU
		{91738A50-DB6E-4936-9D50-840C8FF81E99}.Debug|Any CPU.ActiveCfg = Debug|Any CPU
		{91738A50-DB6E-4936-9D50-840C8FF81E99}.Debug|Any CPU.Build.0 = Debug|Any CPU
		{91738A50-DB6E-4936-9D50-840C8FF81E99}.Release|Any CPU.ActiveCfg = Release|Any CPU
		{91738A50-DB6E-4936-9D50-840C8FF81E99}.Release|Any CPU.Build.0 = Release|Any CPU
		{E2488FB4-4329-470B-9440-C5620CADF348}.Debug|Any CPU.ActiveCfg = Debug|Any CPU
		{E2488FB4-4329-470B-9440-C5620CADF348}.Debug|Any CPU.Build.0 = Debug|Any CPU
		{E2488FB4-4329-470B-9440-C5620CADF348}.Release|Any CPU.ActiveCfg = Release|Any CPU
		{E2488FB4-4329-470B-9440-C5620CADF348}.Release|Any CPU.Build.0 = Release|Any CPU
	EndGlobalSection
EndGlobal
